
Microsoft Visual Studio Solution File, Format Version 12.00
# Visual Studio Version 17
VisualStudioVersion = 17.0.31903.59
MinimumVisualStudioVersion = 10.0.40219.1
Project("{FAE04EC0-301F-11D3-BF4B-00C04F79EFBC}") = "exemplos", "exemplos\exemplos.csproj", "{48E95C86-10FB-48C6-9CD7-8428D9044454}"
EndProject
Project("{FAE04EC0-301F-11D3-BF4B-00C04F79EFBC}") = "problema-01", "problema-01\problema-01.csproj", "{18F91234-E096-44A4-B1B1-63263E17BFB8}"
EndProject
Project("{FAE04EC0-301F-11D3-BF4B-00C04F79EFBC}") = "problema-02", "problema-02\problema-02.csproj", "{A19A5447-BD7B-48BB-A1BA-94E96C9002A8}"
EndProject
Global
	GlobalSection(SolutionConfigurationPlatforms) = preSolution
		Debug|Any CPU = Debug|Any CPU
		Release|Any CPU = Release|Any CPU
	EndGlobalSection
	GlobalSection(SolutionProperties) = preSolution
		HideSolutionNode = FALSE
	EndGlobalSection
	GlobalSection(ProjectConfigurationPlatforms) = postSolution
		{48E95C86-10FB-48C6-9CD7-8428D9044454}.Debug|Any CPU.ActiveCfg = Debug|Any CPU
		{48E95C86-10FB-48C6-9CD7-8428D9044454}.Debug|Any CPU.Build.0 = Debug|Any CPU
		{48E95C86-10FB-48C6-9CD7-8428D9044454}.Release|Any CPU.ActiveCfg = Release|Any CPU
		{48E95C86-10FB-48C6-9CD7-8428D9044454}.Release|Any CPU.Build.0 = Release|Any CPU
		{18F91234-E096-44A4-B1B1-63263E17BFB8}.Debug|Any CPU.ActiveCfg = Debug|Any CPU
		{18F91234-E096-44A4-B1B1-63263E17BFB8}.Debug|Any CPU.Build.0 = Debug|Any CPU
		{18F91234-E096-44A4-B1B1-63263E17BFB8}.Release|Any CPU.ActiveCfg = Release|Any CPU
		{18F91234-E096-44A4-B1B1-63263E17BFB8}.Release|Any CPU.Build.0 = Release|Any CPU
		{A19A5447-BD7B-48BB-A1BA-94E96C9002A8}.Debug|Any CPU.ActiveCfg = Debug|Any CPU
		{A19A5447-BD7B-48BB-A1BA-94E96C9002A8}.Debug|Any CPU.Build.0 = Debug|Any CPU
		{A19A5447-BD7B-48BB-A1BA-94E96C9002A8}.Release|Any CPU.ActiveCfg = Release|Any CPU
		{A19A5447-BD7B-48BB-A1BA-94E96C9002A8}.Release|Any CPU.Build.0 = Release|Any CPU
	EndGlobalSection
EndGlobal
